
Microsoft Visual Studio Solution File, Format Version 12.00
# Visual Studio Version 16
VisualStudioVersion = 16.0.30114.105
MinimumVisualStudioVersion = 10.0.40219.1
Project("{FAE04EC0-301F-11D3-BF4B-00C04F79EFBC}") = "Compra", "Compra\Compra.csproj", "{9862CEF0-500C-492A-BF67-F62A5DC2CDD8}"
EndProject
Project("{FAE04EC0-301F-11D3-BF4B-00C04F79EFBC}") = "Estoque", "Estoque\Estoque.csproj", "{1EE44C58-4EAF-48F1-AA1D-A34EDB68AAD0}"
EndProject
Project("{FAE04EC0-301F-11D3-BF4B-00C04F79EFBC}") = "Venda", "Venda\Venda.csproj", "{C6D18141-60D3-41D3-995B-CD83DFBF6A8F}"
EndProject
Global
	GlobalSection(SolutionConfigurationPlatforms) = preSolution
		Debug|Any CPU = Debug|Any CPU
		Release|Any CPU = Release|Any CPU
	EndGlobalSection
	GlobalSection(SolutionProperties) = preSolution
		HideSolutionNode = FALSE
	EndGlobalSection
	GlobalSection(ProjectConfigurationPlatforms) = postSolution
		{9862CEF0-500C-492A-BF67-F62A5DC2CDD8}.Debug|Any CPU.ActiveCfg = Debug|Any CPU
		{9862CEF0-500C-492A-BF67-F62A5DC2CDD8}.Debug|Any CPU.Build.0 = Debug|Any CPU
		{9862CEF0-500C-492A-BF67-F62A5DC2CDD8}.Release|Any CPU.ActiveCfg = Release|Any CPU
		{9862CEF0-500C-492A-BF67-F62A5DC2CDD8}.Release|Any CPU.Build.0 = Release|Any CPU
		{1EE44C58-4EAF-48F1-AA1D-A34EDB68AAD0}.Debug|Any CPU.ActiveCfg = Debug|Any CPU
		{1EE44C58-4EAF-48F1-AA1D-A34EDB68AAD0}.Debug|Any CPU.Build.0 = Debug|Any CPU
		{1EE44C58-4EAF-48F1-AA1D-A34EDB68AAD0}.Release|Any CPU.ActiveCfg = Release|Any CPU
		{1EE44C58-4EAF-48F1-AA1D-A34EDB68AAD0}.Release|Any CPU.Build.0 = Release|Any CPU
		{C6D18141-60D3-41D3-995B-CD83DFBF6A8F}.Debug|Any CPU.ActiveCfg = Debug|Any CPU
		{C6D18141-60D3-41D3-995B-CD83DFBF6A8F}.Debug|Any CPU.Build.0 = Debug|Any CPU
		{C6D18141-60D3-41D3-995B-CD83DFBF6A8F}.Release|Any CPU.ActiveCfg = Release|Any CPU
		{C6D18141-60D3-41D3-995B-CD83DFBF6A8F}.Release|Any CPU.Build.0 = Release|Any CPU
	EndGlobalSection
EndGlobal
